
Microsoft Visual Studio Solution File, Format Version 12.00
# Visual Studio Version 17
VisualStudioVersion = 17.1.32319.34
MinimumVisualStudioVersion = 10.0.40219.1
Project("{FAE04EC0-301F-11D3-BF4B-00C04F79EFBC}") = "Microservices_Assignment", "Microservices_Assignment\Microservices_Assignment.csproj", "{37A5DE23-805C-4360-A7B4-0C37500971F7}"
EndProject
Global
	GlobalSection(SolutionConfigurationPlatforms) = preSolution
		Debug|Any CPU = Debug|Any CPU
		Release|Any CPU = Release|Any CPU
	EndGlobalSection
	GlobalSection(ProjectConfigurationPlatforms) = postSolution
		{37A5DE23-805C-4360-A7B4-0C37500971F7}.Debug|Any CPU.ActiveCfg = Debug|Any CPU
		{37A5DE23-805C-4360-A7B4-0C37500971F7}.Debug|Any CPU.Build.0 = Debug|Any CPU
		{37A5DE23-805C-4360-A7B4-0C37500971F7}.Release|Any CPU.ActiveCfg = Release|Any CPU
		{37A5DE23-805C-4360-A7B4-0C37500971F7}.Release|Any CPU.Build.0 = Release|Any CPU
	EndGlobalSection
	GlobalSection(SolutionProperties) = preSolution
		HideSolutionNode = FALSE
	EndGlobalSection
	GlobalSection(ExtensibilityGlobals) = postSolution
		SolutionGuid = {96F2E4DD-956B-4E87-AAB9-0518605963BA}
	EndGlobalSection
EndGlobal
